
Microsoft Visual Studio Solution File, Format Version 12.00
# Visual Studio Version 17
VisualStudioVersion = 17.11.35327.3
MinimumVisualStudioVersion = 10.0.40219.1
Project("{FAE04EC0-301F-11D3-BF4B-00C04F79EFBC}") = "actividad_9", "actividad_9\actividad_9.csproj", "{107726FE-17C2-4772-94EC-9BAB5761FD10}"
EndProject
Global
	GlobalSection(SolutionConfigurationPlatforms) = preSolution
		Debug|Any CPU = Debug|Any CPU
		Release|Any CPU = Release|Any CPU
	EndGlobalSection
	GlobalSection(ProjectConfigurationPlatforms) = postSolution
		{107726FE-17C2-4772-94EC-9BAB5761FD10}.Debug|Any CPU.ActiveCfg = Debug|Any CPU
		{107726FE-17C2-4772-94EC-9BAB5761FD10}.Debug|Any CPU.Build.0 = Debug|Any CPU
		{107726FE-17C2-4772-94EC-9BAB5761FD10}.Release|Any CPU.ActiveCfg = Release|Any CPU
		{107726FE-17C2-4772-94EC-9BAB5761FD10}.Release|Any CPU.Build.0 = Release|Any CPU
	EndGlobalSection
	GlobalSection(SolutionProperties) = preSolution
		HideSolutionNode = FALSE
	EndGlobalSection
	GlobalSection(ExtensibilityGlobals) = postSolution
		SolutionGuid = {FCD66680-0059-48BA-B066-12C928BCDDC5}
	EndGlobalSection
EndGlobal
