
Microsoft Visual Studio Solution File, Format Version 12.00
# Visual Studio Version 16
VisualStudioVersion = 16.0.32802.440
MinimumVisualStudioVersion = 10.0.40219.1
Project("{FAE04EC0-301F-11D3-BF4B-00C04F79EFBC}") = "WpfApp3", "WpfApp3\WpfApp3.csproj", "{83CAA865-C754-4437-BF79-8552B7FB296C}"
EndProject
Global
	GlobalSection(SolutionConfigurationPlatforms) = preSolution
		Debug|Any CPU = Debug|Any CPU
		Release|Any CPU = Release|Any CPU
	EndGlobalSection
	GlobalSection(ProjectConfigurationPlatforms) = postSolution
		{83CAA865-C754-4437-BF79-8552B7FB296C}.Debug|Any CPU.ActiveCfg = Debug|Any CPU
		{83CAA865-C754-4437-BF79-8552B7FB296C}.Debug|Any CPU.Build.0 = Debug|Any CPU
		{83CAA865-C754-4437-BF79-8552B7FB296C}.Release|Any CPU.ActiveCfg = Release|Any CPU
		{83CAA865-C754-4437-BF79-8552B7FB296C}.Release|Any CPU.Build.0 = Release|Any CPU
	EndGlobalSection
	GlobalSection(SolutionProperties) = preSolution
		HideSolutionNode = FALSE
	EndGlobalSection
	GlobalSection(ExtensibilityGlobals) = postSolution
		SolutionGuid = {C127D0A4-9DA1-41DD-A808-96EEC893FB2E}
	EndGlobalSection
EndGlobal
