
Microsoft Visual Studio Solution File, Format Version 12.00
# Visual Studio Version 16
VisualStudioVersion = 16.0.32802.440
MinimumVisualStudioVersion = 10.0.40219.1
Project("{FAE04EC0-301F-11D3-BF4B-00C04F79EFBC}") = "CajaTextoAutovalidante", "CajaTextoAutovalidante.csproj", "{A9EC9FA6-38A8-48D9-B71F-A21A3EC5F169}"
EndProject
Global
	GlobalSection(SolutionConfigurationPlatforms) = preSolution
		Debug|Any CPU = Debug|Any CPU
		Release|Any CPU = Release|Any CPU
	EndGlobalSection
	GlobalSection(ProjectConfigurationPlatforms) = postSolution
		{A9EC9FA6-38A8-48D9-B71F-A21A3EC5F169}.Debug|Any CPU.ActiveCfg = Debug|Any CPU
		{A9EC9FA6-38A8-48D9-B71F-A21A3EC5F169}.Debug|Any CPU.Build.0 = Debug|Any CPU
		{A9EC9FA6-38A8-48D9-B71F-A21A3EC5F169}.Release|Any CPU.ActiveCfg = Release|Any CPU
		{A9EC9FA6-38A8-48D9-B71F-A21A3EC5F169}.Release|Any CPU.Build.0 = Release|Any CPU
	EndGlobalSection
	GlobalSection(SolutionProperties) = preSolution
		HideSolutionNode = FALSE
	EndGlobalSection
	GlobalSection(ExtensibilityGlobals) = postSolution
		SolutionGuid = {890FB2DB-4628-4C71-95EC-34AB4EF7DF4A}
	EndGlobalSection
EndGlobal
