
Microsoft Visual Studio Solution File, Format Version 12.00
# Visual Studio Version 16
VisualStudioVersion = 16.0.32802.440
MinimumVisualStudioVersion = 10.0.40219.1
Project("{FAE04EC0-301F-11D3-BF4B-00C04F79EFBC}") = "WpfApp5", "WpfApp5\WpfApp5.csproj", "{F89156FA-D7F5-4B63-A87C-AC6BC2DE6BD1}"
EndProject
Global
	GlobalSection(SolutionConfigurationPlatforms) = preSolution
		Debug|Any CPU = Debug|Any CPU
		Release|Any CPU = Release|Any CPU
	EndGlobalSection
	GlobalSection(ProjectConfigurationPlatforms) = postSolution
		{F89156FA-D7F5-4B63-A87C-AC6BC2DE6BD1}.Debug|Any CPU.ActiveCfg = Debug|Any CPU
		{F89156FA-D7F5-4B63-A87C-AC6BC2DE6BD1}.Debug|Any CPU.Build.0 = Debug|Any CPU
		{F89156FA-D7F5-4B63-A87C-AC6BC2DE6BD1}.Release|Any CPU.ActiveCfg = Release|Any CPU
		{F89156FA-D7F5-4B63-A87C-AC6BC2DE6BD1}.Release|Any CPU.Build.0 = Release|Any CPU
	EndGlobalSection
	GlobalSection(SolutionProperties) = preSolution
		HideSolutionNode = FALSE
	EndGlobalSection
	GlobalSection(ExtensibilityGlobals) = postSolution
		SolutionGuid = {B872F7C2-27F4-4EC4-9807-91B35E790D65}
	EndGlobalSection
EndGlobal
