
Microsoft Visual Studio Solution File, Format Version 12.00
# Visual Studio Version 16
VisualStudioVersion = 16.0.32802.440
MinimumVisualStudioVersion = 10.0.40219.1
Project("{FAE04EC0-301F-11D3-BF4B-00C04F79EFBC}") = "datagrind", "datagrind\datagrind.csproj", "{BEB5A0C9-194E-4979-8DC8-CB5F8B7C3778}"
EndProject
Global
	GlobalSection(SolutionConfigurationPlatforms) = preSolution
		Debug|Any CPU = Debug|Any CPU
		Release|Any CPU = Release|Any CPU
	EndGlobalSection
	GlobalSection(ProjectConfigurationPlatforms) = postSolution
		{BEB5A0C9-194E-4979-8DC8-CB5F8B7C3778}.Debug|Any CPU.ActiveCfg = Debug|Any CPU
		{BEB5A0C9-194E-4979-8DC8-CB5F8B7C3778}.Debug|Any CPU.Build.0 = Debug|Any CPU
		{BEB5A0C9-194E-4979-8DC8-CB5F8B7C3778}.Release|Any CPU.ActiveCfg = Release|Any CPU
		{BEB5A0C9-194E-4979-8DC8-CB5F8B7C3778}.Release|Any CPU.Build.0 = Release|Any CPU
	EndGlobalSection
	GlobalSection(SolutionProperties) = preSolution
		HideSolutionNode = FALSE
	EndGlobalSection
	GlobalSection(ExtensibilityGlobals) = postSolution
		SolutionGuid = {8B590B36-BBA6-4A31-8062-15231EE5ABA0}
	EndGlobalSection
EndGlobal
