
Microsoft Visual Studio Solution File, Format Version 12.00
# Visual Studio Version 17
VisualStudioVersion = 17.11.35327.3
MinimumVisualStudioVersion = 10.0.40219.1
Project("{F184B08F-C81C-45F6-A57F-5ABD9991F28F}") = "ComponentesPersonalizados", "ComponentesPersonalizados.vbproj", "{3C164F8D-D83C-4979-9A72-DCA6131C1DBB}"
EndProject
Global
	GlobalSection(SolutionConfigurationPlatforms) = preSolution
		Debug|Any CPU = Debug|Any CPU
		Release|Any CPU = Release|Any CPU
	EndGlobalSection
	GlobalSection(ProjectConfigurationPlatforms) = postSolution
		{3C164F8D-D83C-4979-9A72-DCA6131C1DBB}.Debug|Any CPU.ActiveCfg = Debug|Any CPU
		{3C164F8D-D83C-4979-9A72-DCA6131C1DBB}.Debug|Any CPU.Build.0 = Debug|Any CPU
		{3C164F8D-D83C-4979-9A72-DCA6131C1DBB}.Release|Any CPU.ActiveCfg = Release|Any CPU
		{3C164F8D-D83C-4979-9A72-DCA6131C1DBB}.Release|Any CPU.Build.0 = Release|Any CPU
	EndGlobalSection
	GlobalSection(SolutionProperties) = preSolution
		HideSolutionNode = FALSE
	EndGlobalSection
	GlobalSection(ExtensibilityGlobals) = postSolution
		SolutionGuid = {1A22CD4E-B146-49BA-8533-9CE7D1D14C4F}
	EndGlobalSection
EndGlobal
