
Microsoft Visual Studio Solution File, Format Version 12.00
# Visual Studio Version 16
VisualStudioVersion = 16.0.32802.440
MinimumVisualStudioVersion = 10.0.40219.1
Project("{FAE04EC0-301F-11D3-BF4B-00C04F79EFBC}") = "tetris_master", "tetris_master.csproj", "{D21CE778-AC95-4EAB-A763-2E3098EF5380}"
EndProject
Global
	GlobalSection(SolutionConfigurationPlatforms) = preSolution
		Debug|Any CPU = Debug|Any CPU
		Release|Any CPU = Release|Any CPU
	EndGlobalSection
	GlobalSection(ProjectConfigurationPlatforms) = postSolution
		{D21CE778-AC95-4EAB-A763-2E3098EF5380}.Debug|Any CPU.ActiveCfg = Debug|Any CPU
		{D21CE778-AC95-4EAB-A763-2E3098EF5380}.Debug|Any CPU.Build.0 = Debug|Any CPU
		{D21CE778-AC95-4EAB-A763-2E3098EF5380}.Release|Any CPU.ActiveCfg = Release|Any CPU
		{D21CE778-AC95-4EAB-A763-2E3098EF5380}.Release|Any CPU.Build.0 = Release|Any CPU
	EndGlobalSection
	GlobalSection(SolutionProperties) = preSolution
		HideSolutionNode = FALSE
	EndGlobalSection
	GlobalSection(ExtensibilityGlobals) = postSolution
		SolutionGuid = {7726A898-5E79-4332-A057-E51E56ED998C}
	EndGlobalSection
EndGlobal
