
Microsoft Visual Studio Solution File, Format Version 12.00
# Visual Studio Version 16
VisualStudioVersion = 16.0.32802.440
MinimumVisualStudioVersion = 10.0.40219.1
Project("{FAE04EC0-301F-11D3-BF4B-00C04F79EFBC}") = "Calculadora", "Calculadora\Calculadora.csproj", "{3E625EC1-7151-4326-9C8B-23579402F0CB}"
EndProject
Global
	GlobalSection(SolutionConfigurationPlatforms) = preSolution
		Debug|Any CPU = Debug|Any CPU
		Release|Any CPU = Release|Any CPU
	EndGlobalSection
	GlobalSection(ProjectConfigurationPlatforms) = postSolution
		{3E625EC1-7151-4326-9C8B-23579402F0CB}.Debug|Any CPU.ActiveCfg = Debug|Any CPU
		{3E625EC1-7151-4326-9C8B-23579402F0CB}.Debug|Any CPU.Build.0 = Debug|Any CPU
		{3E625EC1-7151-4326-9C8B-23579402F0CB}.Release|Any CPU.ActiveCfg = Release|Any CPU
		{3E625EC1-7151-4326-9C8B-23579402F0CB}.Release|Any CPU.Build.0 = Release|Any CPU
	EndGlobalSection
	GlobalSection(SolutionProperties) = preSolution
		HideSolutionNode = FALSE
	EndGlobalSection
	GlobalSection(ExtensibilityGlobals) = postSolution
		SolutionGuid = {CED6F920-F493-4DAE-8134-B384719FD62C}
	EndGlobalSection
EndGlobal
